
Microsoft Visual Studio Solution File, Format Version 12.00
# Visual Studio 15
VisualStudioVersion = 15.0.26124.0
MinimumVisualStudioVersion = 15.0.26124.0
Project("{2150E333-8FDC-42A3-9474-1A3956D46DE8}") = "src", "src", "{38F06114-00AE-45F9-A8EB-C779F67E6E67}"
EndProject
Project("{FAE04EC0-301F-11D3-BF4B-00C04F79EFBC}") = "Meetup.Domain.Tests", "src\Meetup.Domain.Tests\Meetup.Domain.Tests.csproj", "{97E044EE-E1CC-4DD6-85D8-345A5811C008}"
EndProject
Project("{FAE04EC0-301F-11D3-BF4B-00C04F79EFBC}") = "Meetup.Domain", "src\Meetup.Domain\Meetup.Domain.csproj", "{DC74208E-37BA-44E8-9BEA-2DE5C3587C0E}"
EndProject
Global
	GlobalSection(SolutionConfigurationPlatforms) = preSolution
		Debug|Any CPU = Debug|Any CPU
		Debug|x64 = Debug|x64
		Debug|x86 = Debug|x86
		Release|Any CPU = Release|Any CPU
		Release|x64 = Release|x64
		Release|x86 = Release|x86
	EndGlobalSection
	GlobalSection(SolutionProperties) = preSolution
		HideSolutionNode = FALSE
	EndGlobalSection
	GlobalSection(ProjectConfigurationPlatforms) = postSolution
		{97E044EE-E1CC-4DD6-85D8-345A5811C008}.Debug|Any CPU.ActiveCfg = Debug|Any CPU
		{97E044EE-E1CC-4DD6-85D8-345A5811C008}.Debug|Any CPU.Build.0 = Debug|Any CPU
		{97E044EE-E1CC-4DD6-85D8-345A5811C008}.Debug|x64.ActiveCfg = Debug|x64
		{97E044EE-E1CC-4DD6-85D8-345A5811C008}.Debug|x64.Build.0 = Debug|x64
		{97E044EE-E1CC-4DD6-85D8-345A5811C008}.Debug|x86.ActiveCfg = Debug|x86
		{97E044EE-E1CC-4DD6-85D8-345A5811C008}.Debug|x86.Build.0 = Debug|x86
		{97E044EE-E1CC-4DD6-85D8-345A5811C008}.Release|Any CPU.ActiveCfg = Release|Any CPU
		{97E044EE-E1CC-4DD6-85D8-345A5811C008}.Release|Any CPU.Build.0 = Release|Any CPU
		{97E044EE-E1CC-4DD6-85D8-345A5811C008}.Release|x64.ActiveCfg = Release|x64
		{97E044EE-E1CC-4DD6-85D8-345A5811C008}.Release|x64.Build.0 = Release|x64
		{97E044EE-E1CC-4DD6-85D8-345A5811C008}.Release|x86.ActiveCfg = Release|x86
		{97E044EE-E1CC-4DD6-85D8-345A5811C008}.Release|x86.Build.0 = Release|x86
		{DC74208E-37BA-44E8-9BEA-2DE5C3587C0E}.Debug|Any CPU.ActiveCfg = Debug|Any CPU
		{DC74208E-37BA-44E8-9BEA-2DE5C3587C0E}.Debug|Any CPU.Build.0 = Debug|Any CPU
		{DC74208E-37BA-44E8-9BEA-2DE5C3587C0E}.Debug|x64.ActiveCfg = Debug|x64
		{DC74208E-37BA-44E8-9BEA-2DE5C3587C0E}.Debug|x64.Build.0 = Debug|x64
		{DC74208E-37BA-44E8-9BEA-2DE5C3587C0E}.Debug|x86.ActiveCfg = Debug|x86
		{DC74208E-37BA-44E8-9BEA-2DE5C3587C0E}.Debug|x86.Build.0 = Debug|x86
		{DC74208E-37BA-44E8-9BEA-2DE5C3587C0E}.Release|Any CPU.ActiveCfg = Release|Any CPU
		{DC74208E-37BA-44E8-9BEA-2DE5C3587C0E}.Release|Any CPU.Build.0 = Release|Any CPU
		{DC74208E-37BA-44E8-9BEA-2DE5C3587C0E}.Release|x64.ActiveCfg = Release|x64
		{DC74208E-37BA-44E8-9BEA-2DE5C3587C0E}.Release|x64.Build.0 = Release|x64
		{DC74208E-37BA-44E8-9BEA-2DE5C3587C0E}.Release|x86.ActiveCfg = Release|x86
		{DC74208E-37BA-44E8-9BEA-2DE5C3587C0E}.Release|x86.Build.0 = Release|x86
	EndGlobalSection
	GlobalSection(NestedProjects) = preSolution
		{97E044EE-E1CC-4DD6-85D8-345A5811C008} = {38F06114-00AE-45F9-A8EB-C779F67E6E67}
		{DC74208E-37BA-44E8-9BEA-2DE5C3587C0E} = {38F06114-00AE-45F9-A8EB-C779F67E6E67}
	EndGlobalSection
EndGlobal
